// !$*UTF8*$!
{
	archiveVersion = 1;
	classes = {
	};
	objectVersion = 51;
	objects = {

/* Begin PBXBuildFile section */
		449593126970D2C23239B382 /* Pods_GJContactsDemo.framework in Frameworks */ = {isa = PBXBuildFile; fileRef = AA4F972B265560C2F9619C04 /* Pods_GJContactsDemo.framework */; };
		45977BA4236FCC270059A9CB /* Utilities.swift in Sources */ = {isa = PBXBuildFile; fileRef = 45977BA3236FCC270059A9CB /* Utilities.swift */; };
		45977BA6236FCE780059A9CB /* Protocols.swift in Sources */ = {isa = PBXBuildFile; fileRef = 45977BA5236FCE780059A9CB /* Protocols.swift */; };
		45977BA8236FD8970059A9CB /* ContactDetailViewModel.swift in Sources */ = {isa = PBXBuildFile; fileRef = 45977BA7236FD8970059A9CB /* ContactDetailViewModel.swift */; };
		45977BAA236FE85A0059A9CB /* ContactEditViewModel.swift in Sources */ = {isa = PBXBuildFile; fileRef = 45977BA9236FE85A0059A9CB /* ContactEditViewModel.swift */; };
		45977BAC23700A030059A9CB /* ContactDetailViewModelTests.swift in Sources */ = {isa = PBXBuildFile; fileRef = 45977BAB23700A030059A9CB /* ContactDetailViewModelTests.swift */; };
		45977BAE23700D0D0059A9CB /* ContactDetailViewModelProtocol_StubClass.swift in Sources */ = {isa = PBXBuildFile; fileRef = 45977BAD23700D0D0059A9CB /* ContactDetailViewModelProtocol_StubClass.swift */; };
		45BAD732236C988900B1534F /* AppDelegate.swift in Sources */ = {isa = PBXBuildFile; fileRef = 45BAD731236C988900B1534F /* AppDelegate.swift */; };
		45BAD734236C988900B1534F /* ContactsListViewController.swift in Sources */ = {isa = PBXBuildFile; fileRef = 45BAD733236C988900B1534F /* ContactsListViewController.swift */; };
		45BAD737236C988900B1534F /* Main.storyboard in Resources */ = {isa = PBXBuildFile; fileRef = 45BAD735236C988900B1534F /* Main.storyboard */; };
		45BAD73C236C988A00B1534F /* Assets.xcassets in Resources */ = {isa = PBXBuildFile; fileRef = 45BAD73B236C988A00B1534F /* Assets.xcassets */; };
		45BAD73F236C988A00B1534F /* LaunchScreen.storyboard in Resources */ = {isa = PBXBuildFile; fileRef = 45BAD73D236C988A00B1534F /* LaunchScreen.storyboard */; };
		45BAD755236C988A00B1534F /* GJContactsDemoUITests.swift in Sources */ = {isa = PBXBuildFile; fileRef = 45BAD754236C988A00B1534F /* GJContactsDemoUITests.swift */; };
		45BAD767236D386400B1534F /* ContactDetailsViewController.swift in Sources */ = {isa = PBXBuildFile; fileRef = 45BAD766236D386400B1534F /* ContactDetailsViewController.swift */; };
		45BAD769236D389C00B1534F /* ContactEditViewController.swift in Sources */ = {isa = PBXBuildFile; fileRef = 45BAD768236D389C00B1534F /* ContactEditViewController.swift */; };
		45BAD76D236D418500B1534F /* NetworkManager.swift in Sources */ = {isa = PBXBuildFile; fileRef = 45BAD76C236D418500B1534F /* NetworkManager.swift */; };
		45BAD76F236D434100B1534F /* NetworkConstants.swift in Sources */ = {isa = PBXBuildFile; fileRef = 45BAD76E236D434100B1534F /* NetworkConstants.swift */; };
		45BAD772236D660900B1534F /* ReachabilityMock.swift in Sources */ = {isa = PBXBuildFile; fileRef = 45BAD771236D660900B1534F /* ReachabilityMock.swift */; };
		45BAD774236D665000B1534F /* URLSessionMock.swift in Sources */ = {isa = PBXBuildFile; fileRef = 45BAD773236D665000B1534F /* URLSessionMock.swift */; };
		45BAD776236D668700B1534F /* NetworkManagerTests.swift in Sources */ = {isa = PBXBuildFile; fileRef = 45BAD775236D668700B1534F /* NetworkManagerTests.swift */; };
		45BAD779236D729500B1534F /* Contact.swift in Sources */ = {isa = PBXBuildFile; fileRef = 45BAD778236D729500B1534F /* Contact.swift */; };
		45BAD77B236D7FD200B1534F /* ContactModelTests.swift in Sources */ = {isa = PBXBuildFile; fileRef = 45BAD77A236D7FD200B1534F /* ContactModelTests.swift */; };
		45BAD77D236D826800B1534F /* ServiceManager.swift in Sources */ = {isa = PBXBuildFile; fileRef = 45BAD77C236D826800B1534F /* ServiceManager.swift */; };
		45BAD782236D92A900B1534F /* ServiceManagerTests.swift in Sources */ = {isa = PBXBuildFile; fileRef = 45BAD781236D92A900B1534F /* ServiceManagerTests.swift */; };
		45BAD785236D95C100B1534F /* NetworkManagerMock.swift in Sources */ = {isa = PBXBuildFile; fileRef = 45BAD784236D95C100B1534F /* NetworkManagerMock.swift */; };
		45BAD788236DFAA900B1534F /* ListTableViewCell.swift in Sources */ = {isa = PBXBuildFile; fileRef = 45BAD787236DFAA900B1534F /* ListTableViewCell.swift */; };
		45BAD78A236DFD9100B1534F /* ContactsListViewModel.swift in Sources */ = {isa = PBXBuildFile; fileRef = 45BAD789236DFD9100B1534F /* ContactsListViewModel.swift */; };
		45F3F646236E715E008B7D33 /* StringConstants.swift in Sources */ = {isa = PBXBuildFile; fileRef = 45F3F645236E715E008B7D33 /* StringConstants.swift */; };
		45F3F64D236E777D008B7D33 /* AppLauncher.swift in Sources */ = {isa = PBXBuildFile; fileRef = 45F3F64C236E777D008B7D33 /* AppLauncher.swift */; };
		45F3F650236E7FBB008B7D33 /* AppLaunchTests.swift in Sources */ = {isa = PBXBuildFile; fileRef = 45F3F64F236E7FBB008B7D33 /* AppLaunchTests.swift */; };
		45F3F652236E83D5008B7D33 /* OtherTests.swift in Sources */ = {isa = PBXBuildFile; fileRef = 45F3F651236E83D5008B7D33 /* OtherTests.swift */; };
		45F3F656236E90DF008B7D33 /* UIImageViewExtension.swift in Sources */ = {isa = PBXBuildFile; fileRef = 45F3F655236E90DF008B7D33 /* UIImageViewExtension.swift */; };
		45F3F65A236E9A72008B7D33 /* UIImageViewExtensionTests.swift in Sources */ = {isa = PBXBuildFile; fileRef = 45F3F659236E9A72008B7D33 /* UIImageViewExtensionTests.swift */; };
		45F3F65E236ED850008B7D33 /* ContactListViewModelTests.swift in Sources */ = {isa = PBXBuildFile; fileRef = 45F3F65D236ED850008B7D33 /* ContactListViewModelTests.swift */; };
		45F3F660236EDBED008B7D33 /* ServiceManagerMock.swift in Sources */ = {isa = PBXBuildFile; fileRef = 45F3F65F236EDBED008B7D33 /* ServiceManagerMock.swift */; };
		45F3F663236EF03F008B7D33 /* ContactListViewModelProtocol_StubClass.swift in Sources */ = {isa = PBXBuildFile; fileRef = 45F3F662236EF03F008B7D33 /* ContactListViewModelProtocol_StubClass.swift */; };
		45F3F666236EF457008B7D33 /* ContactsListViewModelMock.swift in Sources */ = {isa = PBXBuildFile; fileRef = 45F3F665236EF457008B7D33 /* ContactsListViewModelMock.swift */; };
		45F3F668236F2312008B7D33 /* ContactsListViewControllerExtension.swift in Sources */ = {isa = PBXBuildFile; fileRef = 45F3F667236F2312008B7D33 /* ContactsListViewControllerExtension.swift */; };
		9C3821E5ECC68BB22FD52317 /* Pods_GJContactsDemoTests.framework in Frameworks */ = {isa = PBXBuildFile; fileRef = 765B05C4F47EE12478224E6C /* Pods_GJContactsDemoTests.framework */; };
		FC37A7EA49391AE13F691B9B /* Pods_GJContactsDemoUITests.framework in Frameworks */ = {isa = PBXBuildFile; fileRef = 1180EE7E903996AED23FB53D /* Pods_GJContactsDemoUITests.framework */; };
/* End PBXBuildFile section */

/* Begin PBXContainerItemProxy section */
		45BAD746236C988A00B1534F /* PBXContainerItemProxy */ = {
			isa = PBXContainerItemProxy;
			containerPortal = 45BAD726236C988900B1534F /* Project object */;
			proxyType = 1;
			remoteGlobalIDString = 45BAD72D236C988900B1534F;
			remoteInfo = GJContactsDemo;
		};
		45BAD751236C988A00B1534F /* PBXContainerItemProxy */ = {
			isa = PBXContainerItemProxy;
			containerPortal = 45BAD726236C988900B1534F /* Project object */;
			proxyType = 1;
			remoteGlobalIDString = 45BAD72D236C988900B1534F;
			remoteInfo = GJContactsDemo;
		};
/* End PBXContainerItemProxy section */

/* Begin PBXFileReference section */
		035B3802D1EEAD3191C2C093 /* Pods-GJContactsDemoUITests.debug.xcconfig */ = {isa = PBXFileReference; includeInIndex = 1; lastKnownFileType = text.xcconfig; name = "Pods-GJContactsDemoUITests.debug.xcconfig"; path = "Target Support Files/Pods-GJContactsDemoUITests/Pods-GJContactsDemoUITests.debug.xcconfig"; sourceTree = "<group>"; };
		1180EE7E903996AED23FB53D /* Pods_GJContactsDemoUITests.framework */ = {isa = PBXFileReference; explicitFileType = wrapper.framework; includeInIndex = 0; path = Pods_GJContactsDemoUITests.framework; sourceTree = BUILT_PRODUCTS_DIR; };
		45977BA3236FCC270059A9CB /* Utilities.swift */ = {isa = PBXFileReference; lastKnownFileType = sourcecode.swift; path = Utilities.swift; sourceTree = "<group>"; };
		45977BA5236FCE780059A9CB /* Protocols.swift */ = {isa = PBXFileReference; lastKnownFileType = sourcecode.swift; path = Protocols.swift; sourceTree = "<group>"; };
		45977BA7236FD8970059A9CB /* ContactDetailViewModel.swift */ = {isa = PBXFileReference; lastKnownFileType = sourcecode.swift; path = ContactDetailViewModel.swift; sourceTree = "<group>"; };
		45977BA9236FE85A0059A9CB /* ContactEditViewModel.swift */ = {isa = PBXFileReference; lastKnownFileType = sourcecode.swift; path = ContactEditViewModel.swift; sourceTree = "<group>"; };
		45977BAB23700A030059A9CB /* ContactDetailViewModelTests.swift */ = {isa = PBXFileReference; lastKnownFileType = sourcecode.swift; path = ContactDetailViewModelTests.swift; sourceTree = "<group>"; };
		45977BAD23700D0D0059A9CB /* ContactDetailViewModelProtocol_StubClass.swift */ = {isa = PBXFileReference; lastKnownFileType = sourcecode.swift; path = ContactDetailViewModelProtocol_StubClass.swift; sourceTree = "<group>"; };
		45BAD72E236C988900B1534F /* GJContactsDemo.app */ = {isa = PBXFileReference; explicitFileType = wrapper.application; includeInIndex = 0; path = GJContactsDemo.app; sourceTree = BUILT_PRODUCTS_DIR; };
		45BAD731236C988900B1534F /* AppDelegate.swift */ = {isa = PBXFileReference; lastKnownFileType = sourcecode.swift; path = AppDelegate.swift; sourceTree = "<group>"; };
		45BAD733236C988900B1534F /* ContactsListViewController.swift */ = {isa = PBXFileReference; lastKnownFileType = sourcecode.swift; path = ContactsListViewController.swift; sourceTree = "<group>"; };
		45BAD736236C988900B1534F /* Base */ = {isa = PBXFileReference; lastKnownFileType = file.storyboard; name = Base; path = Base.lproj/Main.storyboard; sourceTree = "<group>"; };
		45BAD73B236C988A00B1534F /* Assets.xcassets */ = {isa = PBXFileReference; lastKnownFileType = folder.assetcatalog; path = Assets.xcassets; sourceTree = "<group>"; };
		45BAD73E236C988A00B1534F /* Base */ = {isa = PBXFileReference; lastKnownFileType = file.storyboard; name = Base; path = Base.lproj/LaunchScreen.storyboard; sourceTree = "<group>"; };
		45BAD740236C988A00B1534F /* Info.plist */ = {isa = PBXFileReference; lastKnownFileType = text.plist.xml; path = Info.plist; sourceTree = "<group>"; };
		45BAD745236C988A00B1534F /* GJContactsDemoTests.xctest */ = {isa = PBXFileReference; explicitFileType = wrapper.cfbundle; includeInIndex = 0; path = GJContactsDemoTests.xctest; sourceTree = BUILT_PRODUCTS_DIR; };
		45BAD74B236C988A00B1534F /* Info.plist */ = {isa = PBXFileReference; lastKnownFileType = text.plist.xml; path = Info.plist; sourceTree = "<group>"; };
		45BAD750236C988A00B1534F /* GJContactsDemoUITests.xctest */ = {isa = PBXFileReference; explicitFileType = wrapper.cfbundle; includeInIndex = 0; path = GJContactsDemoUITests.xctest; sourceTree = BUILT_PRODUCTS_DIR; };
		45BAD754236C988A00B1534F /* GJContactsDemoUITests.swift */ = {isa = PBXFileReference; lastKnownFileType = sourcecode.swift; path = GJContactsDemoUITests.swift; sourceTree = "<group>"; };
		45BAD756236C988A00B1534F /* Info.plist */ = {isa = PBXFileReference; lastKnownFileType = text.plist.xml; path = Info.plist; sourceTree = "<group>"; };
		45BAD766236D386400B1534F /* ContactDetailsViewController.swift */ = {isa = PBXFileReference; lastKnownFileType = sourcecode.swift; path = ContactDetailsViewController.swift; sourceTree = "<group>"; };
		45BAD768236D389C00B1534F /* ContactEditViewController.swift */ = {isa = PBXFileReference; lastKnownFileType = sourcecode.swift; path = ContactEditViewController.swift; sourceTree = "<group>"; };
		45BAD76C236D418500B1534F /* NetworkManager.swift */ = {isa = PBXFileReference; lastKnownFileType = sourcecode.swift; path = NetworkManager.swift; sourceTree = "<group>"; };
		45BAD76E236D434100B1534F /* NetworkConstants.swift */ = {isa = PBXFileReference; lastKnownFileType = sourcecode.swift; path = NetworkConstants.swift; sourceTree = "<group>"; };
		45BAD771236D660900B1534F /* ReachabilityMock.swift */ = {isa = PBXFileReference; lastKnownFileType = sourcecode.swift; path = ReachabilityMock.swift; sourceTree = "<group>"; };
		45BAD773236D665000B1534F /* URLSessionMock.swift */ = {isa = PBXFileReference; lastKnownFileType = sourcecode.swift; path = URLSessionMock.swift; sourceTree = "<group>"; };
		45BAD775236D668700B1534F /* NetworkManagerTests.swift */ = {isa = PBXFileReference; lastKnownFileType = sourcecode.swift; path = NetworkManagerTests.swift; sourceTree = "<group>"; };
		45BAD778236D729500B1534F /* Contact.swift */ = {isa = PBXFileReference; lastKnownFileType = sourcecode.swift; path = Contact.swift; sourceTree = "<group>"; };
		45BAD77A236D7FD200B1534F /* ContactModelTests.swift */ = {isa = PBXFileReference; lastKnownFileType = sourcecode.swift; path = ContactModelTests.swift; sourceTree = "<group>"; };
		45BAD77C236D826800B1534F /* ServiceManager.swift */ = {isa = PBXFileReference; lastKnownFileType = sourcecode.swift; path = ServiceManager.swift; sourceTree = "<group>"; };
		45BAD781236D92A900B1534F /* ServiceManagerTests.swift */ = {isa = PBXFileReference; lastKnownFileType = sourcecode.swift; path = ServiceManagerTests.swift; sourceTree = "<group>"; };
		45BAD784236D95C100B1534F /* NetworkManagerMock.swift */ = {isa = PBXFileReference; lastKnownFileType = sourcecode.swift; path = NetworkManagerMock.swift; sourceTree = "<group>"; };
		45BAD787236DFAA900B1534F /* ListTableViewCell.swift */ = {isa = PBXFileReference; lastKnownFileType = sourcecode.swift; path = ListTableViewCell.swift; sourceTree = "<group>"; };
		45BAD789236DFD9100B1534F /* ContactsListViewModel.swift */ = {isa = PBXFileReference; lastKnownFileType = sourcecode.swift; path = ContactsListViewModel.swift; sourceTree = "<group>"; };
		45F3F645236E715E008B7D33 /* StringConstants.swift */ = {isa = PBXFileReference; lastKnownFileType = sourcecode.swift; path = StringConstants.swift; sourceTree = "<group>"; };
		45F3F64C236E777D008B7D33 /* AppLauncher.swift */ = {isa = PBXFileReference; lastKnownFileType = sourcecode.swift; path = AppLauncher.swift; sourceTree = "<group>"; };
		45F3F64F236E7FBB008B7D33 /* AppLaunchTests.swift */ = {isa = PBXFileReference; lastKnownFileType = sourcecode.swift; path = AppLaunchTests.swift; sourceTree = "<group>"; };
		45F3F651236E83D5008B7D33 /* OtherTests.swift */ = {isa = PBXFileReference; lastKnownFileType = sourcecode.swift; path = OtherTests.swift; sourceTree = "<group>"; };
		45F3F655236E90DF008B7D33 /* UIImageViewExtension.swift */ = {isa = PBXFileReference; lastKnownFileType = sourcecode.swift; path = UIImageViewExtension.swift; sourceTree = "<group>"; };
		45F3F659236E9A72008B7D33 /* UIImageViewExtensionTests.swift */ = {isa = PBXFileReference; lastKnownFileType = sourcecode.swift; path = UIImageViewExtensionTests.swift; sourceTree = "<group>"; };
		45F3F65B236EBEEB008B7D33 /* Bridging-Header.h */ = {isa = PBXFileReference; lastKnownFileType = sourcecode.c.h; path = "Bridging-Header.h"; sourceTree = "<group>"; };
		45F3F65D236ED850008B7D33 /* ContactListViewModelTests.swift */ = {isa = PBXFileReference; lastKnownFileType = sourcecode.swift; path = ContactListViewModelTests.swift; sourceTree = "<group>"; };
		45F3F65F236EDBED008B7D33 /* ServiceManagerMock.swift */ = {isa = PBXFileReference; lastKnownFileType = sourcecode.swift; path = ServiceManagerMock.swift; sourceTree = "<group>"; };
		45F3F662236EF03F008B7D33 /* ContactListViewModelProtocol_StubClass.swift */ = {isa = PBXFileReference; lastKnownFileType = sourcecode.swift; path = ContactListViewModelProtocol_StubClass.swift; sourceTree = "<group>"; };
		45F3F665236EF457008B7D33 /* ContactsListViewModelMock.swift */ = {isa = PBXFileReference; lastKnownFileType = sourcecode.swift; path = ContactsListViewModelMock.swift; sourceTree = "<group>"; };
		45F3F667236F2312008B7D33 /* ContactsListViewControllerExtension.swift */ = {isa = PBXFileReference; lastKnownFileType = sourcecode.swift; path = ContactsListViewControllerExtension.swift; sourceTree = "<group>"; };
		5C677716BB7560DDCD4135EF /* Pods-GJContactsDemo.release.xcconfig */ = {isa = PBXFileReference; includeInIndex = 1; lastKnownFileType = text.xcconfig; name = "Pods-GJContactsDemo.release.xcconfig"; path = "Target Support Files/Pods-GJContactsDemo/Pods-GJContactsDemo.release.xcconfig"; sourceTree = "<group>"; };
		6C8538D3D43932B1B4F51B68 /* Pods-GJContactsDemoTests.debug.xcconfig */ = {isa = PBXFileReference; includeInIndex = 1; lastKnownFileType = text.xcconfig; name = "Pods-GJContactsDemoTests.debug.xcconfig"; path = "Target Support Files/Pods-GJContactsDemoTests/Pods-GJContactsDemoTests.debug.xcconfig"; sourceTree = "<group>"; };
		765B05C4F47EE12478224E6C /* Pods_GJContactsDemoTests.framework */ = {isa = PBXFileReference; explicitFileType = wrapper.framework; includeInIndex = 0; path = Pods_GJContactsDemoTests.framework; sourceTree = BUILT_PRODUCTS_DIR; };
		9F422CEAA380A8D9972A424A /* Pods-GJContactsDemo.debug.xcconfig */ = {isa = PBXFileReference; includeInIndex = 1; lastKnownFileType = text.xcconfig; name = "Pods-GJContactsDemo.debug.xcconfig"; path = "Target Support Files/Pods-GJContactsDemo/Pods-GJContactsDemo.debug.xcconfig"; sourceTree = "<group>"; };
		AA4F972B265560C2F9619C04 /* Pods_GJContactsDemo.framework */ = {isa = PBXFileReference; explicitFileType = wrapper.framework; includeInIndex = 0; path = Pods_GJContactsDemo.framework; sourceTree = BUILT_PRODUCTS_DIR; };
		C6A8809E92D46E37ED91DED1 /* Pods-GJContactsDemoTests.release.xcconfig */ = {isa = PBXFileReference; includeInIndex = 1; lastKnownFileType = text.xcconfig; name = "Pods-GJContactsDemoTests.release.xcconfig"; path = "Target Support Files/Pods-GJContactsDemoTests/Pods-GJContactsDemoTests.release.xcconfig"; sourceTree = "<group>"; };
		F84C76C7D9727C22B9633066 /* Pods-GJContactsDemoUITests.release.xcconfig */ = {isa = PBXFileReference; includeInIndex = 1; lastKnownFileType = text.xcconfig; name = "Pods-GJContactsDemoUITests.release.xcconfig"; path = "Target Support Files/Pods-GJContactsDemoUITests/Pods-GJContactsDemoUITests.release.xcconfig"; sourceTree = "<group>"; };
/* End PBXFileReference section */

/* Begin PBXFrameworksBuildPhase section */
		45BAD72B236C988900B1534F /* Frameworks */ = {
			isa = PBXFrameworksBuildPhase;
			buildActionMask = 2147483647;
			files = (
				449593126970D2C23239B382 /* Pods_GJContactsDemo.framework in Frameworks */,
			);
			runOnlyForDeploymentPostprocessing = 0;
		};
		45BAD742236C988A00B1534F /* Frameworks */ = {
			isa = PBXFrameworksBuildPhase;
			buildActionMask = 2147483647;
			files = (
				9C3821E5ECC68BB22FD52317 /* Pods_GJContactsDemoTests.framework in Frameworks */,
			);
			runOnlyForDeploymentPostprocessing = 0;
		};
		45BAD74D236C988A00B1534F /* Frameworks */ = {
			isa = PBXFrameworksBuildPhase;
			buildActionMask = 2147483647;
			files = (
				FC37A7EA49391AE13F691B9B /* Pods_GJContactsDemoUITests.framework in Frameworks */,
			);
			runOnlyForDeploymentPostprocessing = 0;
		};
/* End PBXFrameworksBuildPhase section */

/* Begin PBXGroup section */
		45BAD725236C988900B1534F = {
			isa = PBXGroup;
			children = (
				45BAD730236C988900B1534F /* GJContactsDemo */,
				45BAD748236C988A00B1534F /* GJContactsDemoTests */,
				45BAD753236C988A00B1534F /* GJContactsDemoUITests */,
				45BAD72F236C988900B1534F /* Products */,
				5F09F100B7EC89C6A9117563 /* Pods */,
				7F428A2D05B6D640735E199E /* Frameworks */,
			);
			sourceTree = "<group>";
		};
		45BAD72F236C988900B1534F /* Products */ = {
			isa = PBXGroup;
			children = (
				45BAD72E236C988900B1534F /* GJContactsDemo.app */,
				45BAD745236C988A00B1534F /* GJContactsDemoTests.xctest */,
				45BAD750236C988A00B1534F /* GJContactsDemoUITests.xctest */,
			);
			name = Products;
			sourceTree = "<group>";
		};
		45BAD730236C988900B1534F /* GJContactsDemo */ = {
			isa = PBXGroup;
			children = (
				45BAD731236C988900B1534F /* AppDelegate.swift */,
				45F3F64C236E777D008B7D33 /* AppLauncher.swift */,
				45F3F647236E7205008B7D33 /* Protocols */,
				45BAD762236C9A2100B1534F /* ViewControllers */,
				45BAD765236D379F00B1534F /* ViewModels */,
				45BAD764236D378E00B1534F /* Models */,
				45BAD786236DF86300B1534F /* Views */,
				45BAD76A236D3AF700B1534F /* Constants */,
				45BAD763236C9A3000B1534F /* StoryBoards */,
				45F3F654236E90C0008B7D33 /* Extensions */,
				45BAD76B236D3B1B00B1534F /* Services */,
				45F3F65C236EBF3C008B7D33 /* OtherFiles */,
				45BAD73B236C988A00B1534F /* Assets.xcassets */,
				45BAD740236C988A00B1534F /* Info.plist */,
			);
			path = GJContactsDemo;
			sourceTree = "<group>";
		};
		45BAD748236C988A00B1534F /* GJContactsDemoTests */ = {
			isa = PBXGroup;
			children = (
				45BAD770236D65E700B1534F /* Mocks */,
				45F3F657236E9A2F008B7D33 /* Tests */,
				45BAD74B236C988A00B1534F /* Info.plist */,
			);
			path = GJContactsDemoTests;
			sourceTree = "<group>";
		};
		45BAD753236C988A00B1534F /* GJContactsDemoUITests */ = {
			isa = PBXGroup;
			children = (
				45F3F64E236E7F9F008B7D33 /* AppLaunchTests */,
				45BAD754236C988A00B1534F /* GJContactsDemoUITests.swift */,
				45BAD756236C988A00B1534F /* Info.plist */,
			);
			path = GJContactsDemoUITests;
			sourceTree = "<group>";
		};
		45BAD762236C9A2100B1534F /* ViewControllers */ = {
			isa = PBXGroup;
			children = (
				45BAD733236C988900B1534F /* ContactsListViewController.swift */,
				45BAD766236D386400B1534F /* ContactDetailsViewController.swift */,
				45BAD768236D389C00B1534F /* ContactEditViewController.swift */,
			);
			path = ViewControllers;
			sourceTree = "<group>";
		};
		45BAD763236C9A3000B1534F /* StoryBoards */ = {
			isa = PBXGroup;
			children = (
				45BAD73D236C988A00B1534F /* LaunchScreen.storyboard */,
				45BAD735236C988900B1534F /* Main.storyboard */,
			);
			path = StoryBoards;
			sourceTree = "<group>";
		};
		45BAD764236D378E00B1534F /* Models */ = {
			isa = PBXGroup;
			children = (
				45BAD778236D729500B1534F /* Contact.swift */,
			);
			path = Models;
			sourceTree = "<group>";
		};
		45BAD765236D379F00B1534F /* ViewModels */ = {
			isa = PBXGroup;
			children = (
				45BAD789236DFD9100B1534F /* ContactsListViewModel.swift */,
				45977BA7236FD8970059A9CB /* ContactDetailViewModel.swift */,
				45977BA9236FE85A0059A9CB /* ContactEditViewModel.swift */,
			);
			path = ViewModels;
			sourceTree = "<group>";
		};
		45BAD76A236D3AF700B1534F /* Constants */ = {
			isa = PBXGroup;
			children = (
				45BAD76E236D434100B1534F /* NetworkConstants.swift */,
				45F3F645236E715E008B7D33 /* StringConstants.swift */,
			);
			path = Constants;
			sourceTree = "<group>";
		};
		45BAD76B236D3B1B00B1534F /* Services */ = {
			isa = PBXGroup;
			children = (
				45BAD77C236D826800B1534F /* ServiceManager.swift */,
				45BAD76C236D418500B1534F /* NetworkManager.swift */,
			);
			path = Services;
			sourceTree = "<group>";
		};
		45BAD770236D65E700B1534F /* Mocks */ = {
			isa = PBXGroup;
			children = (
				45F3F664236EF43E008B7D33 /* ViewModelMocks */,
				45F3F661236EF012008B7D33 /* ProtocolStubMocks */,
				45BAD783236D944E00B1534F /* ServiceMocks */,
			);
			path = Mocks;
			sourceTree = "<group>";
		};
		45BAD780236D90BB00B1534F /* ServiceTests */ = {
			isa = PBXGroup;
			children = (
				45BAD781236D92A900B1534F /* ServiceManagerTests.swift */,
				45BAD775236D668700B1534F /* NetworkManagerTests.swift */,
			);
			path = ServiceTests;
			sourceTree = "<group>";
		};
		45BAD783236D944E00B1534F /* ServiceMocks */ = {
			isa = PBXGroup;
			children = (
				45BAD771236D660900B1534F /* ReachabilityMock.swift */,
				45BAD773236D665000B1534F /* URLSessionMock.swift */,
				45BAD784236D95C100B1534F /* NetworkManagerMock.swift */,
				45F3F65F236EDBED008B7D33 /* ServiceManagerMock.swift */,
			);
			path = ServiceMocks;
			sourceTree = "<group>";
		};
		45BAD786236DF86300B1534F /* Views */ = {
			isa = PBXGroup;
			children = (
				45BAD787236DFAA900B1534F /* ListTableViewCell.swift */,
			);
			path = Views;
			sourceTree = "<group>";
		};
		45F3F647236E7205008B7D33 /* Protocols */ = {
			isa = PBXGroup;
			children = (
				45977BA5236FCE780059A9CB /* Protocols.swift */,
			);
			path = Protocols;
			sourceTree = "<group>";
		};
		45F3F64E236E7F9F008B7D33 /* AppLaunchTests */ = {
			isa = PBXGroup;
			children = (
				45F3F64F236E7FBB008B7D33 /* AppLaunchTests.swift */,
			);
			path = AppLaunchTests;
			sourceTree = "<group>";
		};
		45F3F653236E85BE008B7D33 /* ModelTests */ = {
			isa = PBXGroup;
			children = (
				45BAD77A236D7FD200B1534F /* ContactModelTests.swift */,
				45F3F65D236ED850008B7D33 /* ContactListViewModelTests.swift */,
				45977BAB23700A030059A9CB /* ContactDetailViewModelTests.swift */,
			);
			path = ModelTests;
			sourceTree = "<group>";
		};
		45F3F654236E90C0008B7D33 /* Extensions */ = {
			isa = PBXGroup;
			children = (
				45F3F655236E90DF008B7D33 /* UIImageViewExtension.swift */,
				45F3F667236F2312008B7D33 /* ContactsListViewControllerExtension.swift */,
			);
			path = Extensions;
			sourceTree = "<group>";
		};
		45F3F657236E9A2F008B7D33 /* Tests */ = {
			isa = PBXGroup;
			children = (
				45F3F658236E9A44008B7D33 /* UtilityTests */,
				45F3F653236E85BE008B7D33 /* ModelTests */,
				45BAD780236D90BB00B1534F /* ServiceTests */,
			);
			path = Tests;
			sourceTree = "<group>";
		};
		45F3F658236E9A44008B7D33 /* UtilityTests */ = {
			isa = PBXGroup;
			children = (
				45F3F651236E83D5008B7D33 /* OtherTests.swift */,
				45F3F659236E9A72008B7D33 /* UIImageViewExtensionTests.swift */,
			);
			path = UtilityTests;
			sourceTree = "<group>";
		};
		45F3F65C236EBF3C008B7D33 /* OtherFiles */ = {
			isa = PBXGroup;
			children = (
				45977BA3236FCC270059A9CB /* Utilities.swift */,
				45F3F65B236EBEEB008B7D33 /* Bridging-Header.h */,
			);
			path = OtherFiles;
			sourceTree = "<group>";
		};
		45F3F661236EF012008B7D33 /* ProtocolStubMocks */ = {
			isa = PBXGroup;
			children = (
				45F3F662236EF03F008B7D33 /* ContactListViewModelProtocol_StubClass.swift */,
				45977BAD23700D0D0059A9CB /* ContactDetailViewModelProtocol_StubClass.swift */,
			);
			path = ProtocolStubMocks;
			sourceTree = "<group>";
		};
		45F3F664236EF43E008B7D33 /* ViewModelMocks */ = {
			isa = PBXGroup;
			children = (
				45F3F665236EF457008B7D33 /* ContactsListViewModelMock.swift */,
			);
			path = ViewModelMocks;
			sourceTree = "<group>";
		};
		5F09F100B7EC89C6A9117563 /* Pods */ = {
			isa = PBXGroup;
			children = (
				9F422CEAA380A8D9972A424A /* Pods-GJContactsDemo.debug.xcconfig */,
				5C677716BB7560DDCD4135EF /* Pods-GJContactsDemo.release.xcconfig */,
				6C8538D3D43932B1B4F51B68 /* Pods-GJContactsDemoTests.debug.xcconfig */,
				C6A8809E92D46E37ED91DED1 /* Pods-GJContactsDemoTests.release.xcconfig */,
				035B3802D1EEAD3191C2C093 /* Pods-GJContactsDemoUITests.debug.xcconfig */,
				F84C76C7D9727C22B9633066 /* Pods-GJContactsDemoUITests.release.xcconfig */,
			);
			path = Pods;
			sourceTree = "<group>";
		};
		7F428A2D05B6D640735E199E /* Frameworks */ = {
			isa = PBXGroup;
			children = (
				AA4F972B265560C2F9619C04 /* Pods_GJContactsDemo.framework */,
				765B05C4F47EE12478224E6C /* Pods_GJContactsDemoTests.framework */,
				1180EE7E903996AED23FB53D /* Pods_GJContactsDemoUITests.framework */,
			);
			name = Frameworks;
			sourceTree = "<group>";
		};
/* End PBXGroup section */

/* Begin PBXNativeTarget section */
		45BAD72D236C988900B1534F /* GJContactsDemo */ = {
			isa = PBXNativeTarget;
			buildConfigurationList = 45BAD759236C988A00B1534F /* Build configuration list for PBXNativeTarget "GJContactsDemo" */;
			buildPhases = (
				9E017AC18EB5213ABA469D99 /* [CP] Check Pods Manifest.lock */,
				45BAD72A236C988900B1534F /* Sources */,
				45BAD72B236C988900B1534F /* Frameworks */,
				45BAD72C236C988900B1534F /* Resources */,
				B6E43179F5B7D77B07DE7604 /* [CP] Embed Pods Frameworks */,
			);
			buildRules = (
			);
			dependencies = (
			);
			name = GJContactsDemo;
			productName = GJContactsDemo;
			productReference = 45BAD72E236C988900B1534F /* GJContactsDemo.app */;
			productType = "com.apple.product-type.application";
		};
		45BAD744236C988A00B1534F /* GJContactsDemoTests */ = {
			isa = PBXNativeTarget;
			buildConfigurationList = 45BAD75C236C988A00B1534F /* Build configuration list for PBXNativeTarget "GJContactsDemoTests" */;
			buildPhases = (
				66E957F7667A112292F6CDF4 /* [CP] Check Pods Manifest.lock */,
				45BAD741236C988A00B1534F /* Sources */,
				45BAD742236C988A00B1534F /* Frameworks */,
				45BAD743236C988A00B1534F /* Resources */,
				57B8540B9BBADB592C3F9708 /* [CP] Embed Pods Frameworks */,
			);
			buildRules = (
			);
			dependencies = (
				45BAD747236C988A00B1534F /* PBXTargetDependency */,
			);
			name = GJContactsDemoTests;
			productName = GJContactsDemoTests;
			productReference = 45BAD745236C988A00B1534F /* GJContactsDemoTests.xctest */;
			productType = "com.apple.product-type.bundle.unit-test";
		};
		45BAD74F236C988A00B1534F /* GJContactsDemoUITests */ = {
			isa = PBXNativeTarget;
			buildConfigurationList = 45BAD75F236C988A00B1534F /* Build configuration list for PBXNativeTarget "GJContactsDemoUITests" */;
			buildPhases = (
				9D4AB08DDEA094C62F5FFB83 /* [CP] Check Pods Manifest.lock */,
				45BAD74C236C988A00B1534F /* Sources */,
				45BAD74D236C988A00B1534F /* Frameworks */,
				45BAD74E236C988A00B1534F /* Resources */,
				C2C91EF9EEEEF080BFAFB8AE /* [CP] Embed Pods Frameworks */,
			);
			buildRules = (
			);
			dependencies = (
				45BAD752236C988A00B1534F /* PBXTargetDependency */,
			);
			name = GJContactsDemoUITests;
			productName = GJContactsDemoUITests;
			productReference = 45BAD750236C988A00B1534F /* GJContactsDemoUITests.xctest */;
			productType = "com.apple.product-type.bundle.ui-testing";
		};
/* End PBXNativeTarget section */

/* Begin PBXProject section */
		45BAD726236C988900B1534F /* Project object */ = {
			isa = PBXProject;
			attributes = {
				LastSwiftUpdateCheck = 1020;
				LastUpgradeCheck = 1020;
				ORGANIZATIONNAME = SPH;
				TargetAttributes = {
					45BAD72D236C988900B1534F = {
						CreatedOnToolsVersion = 10.2.1;
					};
					45BAD744236C988A00B1534F = {
						CreatedOnToolsVersion = 10.2.1;
						TestTargetID = 45BAD72D236C988900B1534F;
					};
					45BAD74F236C988A00B1534F = {
						CreatedOnToolsVersion = 10.2.1;
						TestTargetID = 45BAD72D236C988900B1534F;
					};
				};
			};
			buildConfigurationList = 45BAD729236C988900B1534F /* Build configuration list for PBXProject "GJContactsDemo" */;
			compatibilityVersion = "Xcode 9.3";
			developmentRegion = en;
			hasScannedForEncodings = 0;
			knownRegions = (
				en,
				Base,
			);
			mainGroup = 45BAD725236C988900B1534F;
			productRefGroup = 45BAD72F236C988900B1534F /* Products */;
			projectDirPath = "";
			projectRoot = "";
			targets = (
				45BAD72D236C988900B1534F /* GJContactsDemo */,
				45BAD744236C988A00B1534F /* GJContactsDemoTests */,
				45BAD74F236C988A00B1534F /* GJContactsDemoUITests */,
			);
		};
/* End PBXProject section */

/* Begin PBXResourcesBuildPhase section */
		45BAD72C236C988900B1534F /* Resources */ = {
			isa = PBXResourcesBuildPhase;
			buildActionMask = 2147483647;
			files = (
				45BAD73F236C988A00B1534F /* LaunchScreen.storyboard in Resources */,
				45BAD73C236C988A00B1534F /* Assets.xcassets in Resources */,
				45BAD737236C988900B1534F /* Main.storyboard in Resources */,
			);
			runOnlyForDeploymentPostprocessing = 0;
		};
		45BAD743236C988A00B1534F /* Resources */ = {
			isa = PBXResourcesBuildPhase;
			buildActionMask = 2147483647;
			files = (
			);
			runOnlyForDeploymentPostprocessing = 0;
		};
		45BAD74E236C988A00B1534F /* Resources */ = {
			isa = PBXResourcesBuildPhase;
			buildActionMask = 2147483647;
			files = (
			);
			runOnlyForDeploymentPostprocessing = 0;
		};
/* End PBXResourcesBuildPhase section */

/* Begin PBXShellScriptBuildPhase section */
		57B8540B9BBADB592C3F9708 /* [CP] Embed Pods Frameworks */ = {
			isa = PBXShellScriptBuildPhase;
			buildActionMask = 2147483647;
			files = (
			);
			inputFileListPaths = (
				"${PODS_ROOT}/Target Support Files/Pods-GJContactsDemoTests/Pods-GJContactsDemoTests-frameworks-${CONFIGURATION}-input-files.xcfilelist",
			);
			name = "[CP] Embed Pods Frameworks";
			outputFileListPaths = (
				"${PODS_ROOT}/Target Support Files/Pods-GJContactsDemoTests/Pods-GJContactsDemoTests-frameworks-${CONFIGURATION}-output-files.xcfilelist",
			);
			runOnlyForDeploymentPostprocessing = 0;
			shellPath = /bin/sh;
			shellScript = "\"${PODS_ROOT}/Target Support Files/Pods-GJContactsDemoTests/Pods-GJContactsDemoTests-frameworks.sh\"\n";
			showEnvVarsInLog = 0;
		};
		66E957F7667A112292F6CDF4 /* [CP] Check Pods Manifest.lock */ = {
			isa = PBXShellScriptBuildPhase;
			buildActionMask = 2147483647;
			files = (
			);
			inputFileListPaths = (
			);
			inputPaths = (
				"${PODS_PODFILE_DIR_PATH}/Podfile.lock",
				"${PODS_ROOT}/Manifest.lock",
			);
			name = "[CP] Check Pods Manifest.lock";
			outputFileListPaths = (
			);
			outputPaths = (
				"$(DERIVED_FILE_DIR)/Pods-GJContactsDemoTests-checkManifestLockResult.txt",
			);
			runOnlyForDeploymentPostprocessing = 0;
			shellPath = /bin/sh;
			shellScript = "diff \"${PODS_PODFILE_DIR_PATH}/Podfile.lock\" \"${PODS_ROOT}/Manifest.lock\" > /dev/null\nif [ $? != 0 ] ; then\n    # print error to STDERR\n    echo \"error: The sandbox is not in sync with the Podfile.lock. Run 'pod install' or update your CocoaPods installation.\" >&2\n    exit 1\nfi\n# This output is used by Xcode 'outputs' to avoid re-running this script phase.\necho \"SUCCESS\" > \"${SCRIPT_OUTPUT_FILE_0}\"\n";
			showEnvVarsInLog = 0;
		};
		9D4AB08DDEA094C62F5FFB83 /* [CP] Check Pods Manifest.lock */ = {
			isa = PBXShellScriptBuildPhase;
			buildActionMask = 2147483647;
			files = (
			);
			inputFileListPaths = (
			);
			inputPaths = (
				"${PODS_PODFILE_DIR_PATH}/Podfile.lock",
				"${PODS_ROOT}/Manifest.lock",
			);
			name = "[CP] Check Pods Manifest.lock";
			outputFileListPaths = (
			);
			outputPaths = (
				"$(DERIVED_FILE_DIR)/Pods-GJContactsDemoUITests-checkManifestLockResult.txt",
			);
			runOnlyForDeploymentPostprocessing = 0;
			shellPath = /bin/sh;
			shellScript = "diff \"${PODS_PODFILE_DIR_PATH}/Podfile.lock\" \"${PODS_ROOT}/Manifest.lock\" > /dev/null\nif [ $? != 0 ] ; then\n    # print error to STDERR\n    echo \"error: The sandbox is not in sync with the Podfile.lock. Run 'pod install' or update your CocoaPods installation.\" >&2\n    exit 1\nfi\n# This output is used by Xcode 'outputs' to avoid re-running this script phase.\necho \"SUCCESS\" > \"${SCRIPT_OUTPUT_FILE_0}\"\n";
			showEnvVarsInLog = 0;
		};
		9E017AC18EB5213ABA469D99 /* [CP] Check Pods Manifest.lock */ = {
			isa = PBXShellScriptBuildPhase;
			buildActionMask = 2147483647;
			files = (
			);
			inputFileListPaths = (
			);
			inputPaths = (
				"${PODS_PODFILE_DIR_PATH}/Podfile.lock",
				"${PODS_ROOT}/Manifest.lock",
			);
			name = "[CP] Check Pods Manifest.lock";
			outputFileListPaths = (
			);
			outputPaths = (
				"$(DERIVED_FILE_DIR)/Pods-GJContactsDemo-checkManifestLockResult.txt",
			);
			runOnlyForDeploymentPostprocessing = 0;
			shellPath = /bin/sh;
			shellScript = "diff \"${PODS_PODFILE_DIR_PATH}/Podfile.lock\" \"${PODS_ROOT}/Manifest.lock\" > /dev/null\nif [ $? != 0 ] ; then\n    # print error to STDERR\n    echo \"error: The sandbox is not in sync with the Podfile.lock. Run 'pod install' or update your CocoaPods installation.\" >&2\n    exit 1\nfi\n# This output is used by Xcode 'outputs' to avoid re-running this script phase.\necho \"SUCCESS\" > \"${SCRIPT_OUTPUT_FILE_0}\"\n";
			showEnvVarsInLog = 0;
		};
		B6E43179F5B7D77B07DE7604 /* [CP] Embed Pods Frameworks */ = {
			isa = PBXShellScriptBuildPhase;
			buildActionMask = 2147483647;
			files = (
			);
			inputFileListPaths = (
				"${PODS_ROOT}/Target Support Files/Pods-GJContactsDemo/Pods-GJContactsDemo-frameworks-${CONFIGURATION}-input-files.xcfilelist",
			);
			name = "[CP] Embed Pods Frameworks";
			outputFileListPaths = (
				"${PODS_ROOT}/Target Support Files/Pods-GJContactsDemo/Pods-GJContactsDemo-frameworks-${CONFIGURATION}-output-files.xcfilelist",
			);
			runOnlyForDeploymentPostprocessing = 0;
			shellPath = /bin/sh;
			shellScript = "\"${PODS_ROOT}/Target Support Files/Pods-GJContactsDemo/Pods-GJContactsDemo-frameworks.sh\"\n";
			showEnvVarsInLog = 0;
		};
		C2C91EF9EEEEF080BFAFB8AE /* [CP] Embed Pods Frameworks */ = {
			isa = PBXShellScriptBuildPhase;
			buildActionMask = 2147483647;
			files = (
			);
			inputFileListPaths = (
				"${PODS_ROOT}/Target Support Files/Pods-GJContactsDemoUITests/Pods-GJContactsDemoUITests-frameworks-${CONFIGURATION}-input-files.xcfilelist",
			);
			name = "[CP] Embed Pods Frameworks";
			outputFileListPaths = (
				"${PODS_ROOT}/Target Support Files/Pods-GJContactsDemoUITests/Pods-GJContactsDemoUITests-frameworks-${CONFIGURATION}-output-files.xcfilelist",
			);
			runOnlyForDeploymentPostprocessing = 0;
			shellPath = /bin/sh;
			shellScript = "\"${PODS_ROOT}/Target Support Files/Pods-GJContactsDemoUITests/Pods-GJContactsDemoUITests-frameworks.sh\"\n";
			showEnvVarsInLog = 0;
		};
/* End PBXShellScriptBuildPhase section */

/* Begin PBXSourcesBuildPhase section */
		45BAD72A236C988900B1534F /* Sources */ = {
			isa = PBXSourcesBuildPhase;
			buildActionMask = 2147483647;
			files = (
				45977BA6236FCE780059A9CB /* Protocols.swift in Sources */,
				45BAD76D236D418500B1534F /* NetworkManager.swift in Sources */,
				45BAD734236C988900B1534F /* ContactsListViewController.swift in Sources */,
				45BAD767236D386400B1534F /* ContactDetailsViewController.swift in Sources */,
				45977BA4236FCC270059A9CB /* Utilities.swift in Sources */,
				45BAD779236D729500B1534F /* Contact.swift in Sources */,
				45BAD77D236D826800B1534F /* ServiceManager.swift in Sources */,
				45BAD78A236DFD9100B1534F /* ContactsListViewModel.swift in Sources */,
				45977BA8236FD8970059A9CB /* ContactDetailViewModel.swift in Sources */,
				45F3F64D236E777D008B7D33 /* AppLauncher.swift in Sources */,
				45F3F668236F2312008B7D33 /* ContactsListViewControllerExtension.swift in Sources */,
				45977BAA236FE85A0059A9CB /* ContactEditViewModel.swift in Sources */,
				45BAD76F236D434100B1534F /* NetworkConstants.swift in Sources */,
				45F3F646236E715E008B7D33 /* StringConstants.swift in Sources */,
				45BAD769236D389C00B1534F /* ContactEditViewController.swift in Sources */,
				45BAD732236C988900B1534F /* AppDelegate.swift in Sources */,
				45BAD788236DFAA900B1534F /* ListTableViewCell.swift in Sources */,
				45F3F656236E90DF008B7D33 /* UIImageViewExtension.swift in Sources */,
			);
			runOnlyForDeploymentPostprocessing = 0;
		};
		45BAD741236C988A00B1534F /* Sources */ = {
			isa = PBXSourcesBuildPhase;
			buildActionMask = 2147483647;
			files = (
				45F3F652236E83D5008B7D33 /* OtherTests.swift in Sources */,
				45BAD776236D668700B1534F /* NetworkManagerTests.swift in Sources */,
				45BAD785236D95C100B1534F /* NetworkManagerMock.swift in Sources */,
				45F3F666236EF457008B7D33 /* ContactsListViewModelMock.swift in Sources */,
				45F3F660236EDBED008B7D33 /* ServiceManagerMock.swift in Sources */,
				45977BAE23700D0D0059A9CB /* ContactDetailViewModelProtocol_StubClass.swift in Sources */,
				45F3F663236EF03F008B7D33 /* ContactListViewModelProtocol_StubClass.swift in Sources */,
				45BAD77B236D7FD200B1534F /* ContactModelTests.swift in Sources */,
				45BAD774236D665000B1534F /* URLSessionMock.swift in Sources */,
				45BAD782236D92A900B1534F /* ServiceManagerTests.swift in Sources */,
				45F3F65A236E9A72008B7D33 /* UIImageViewExtensionTests.swift in Sources */,
				45977BAC23700A030059A9CB /* ContactDetailViewModelTests.swift in Sources */,
				45F3F65E236ED850008B7D33 /* ContactListViewModelTests.swift in Sources */,
				45BAD772236D660900B1534F /* ReachabilityMock.swift in Sources */,
			);
			runOnlyForDeploymentPostprocessing = 0;
		};
		45BAD74C236C988A00B1534F /* Sources */ = {
			isa = PBXSourcesBuildPhase;
			buildActionMask = 2147483647;
			files = (
				45F3F650236E7FBB008B7D33 /* AppLaunchTests.swift in Sources */,
				45BAD755236C988A00B1534F /* GJContactsDemoUITests.swift in Sources */,
			);
			runOnlyForDeploymentPostprocessing = 0;
		};
/* End PBXSourcesBuildPhase section */

/* Begin PBXTargetDependency section */
		45BAD747236C988A00B1534F /* PBXTargetDependency */ = {
			isa = PBXTargetDependency;
			target = 45BAD72D236C988900B1534F /* GJContactsDemo */;
			targetProxy = 45BAD746236C988A00B1534F /* PBXContainerItemProxy */;
		};
		45BAD752236C988A00B1534F /* PBXTargetDependency */ = {
			isa = PBXTargetDependency;
			target = 45BAD72D236C988900B1534F /* GJContactsDemo */;
			targetProxy = 45BAD751236C988A00B1534F /* PBXContainerItemProxy */;
		};
/* End PBXTargetDependency section */

/* Begin PBXVariantGroup section */
		45BAD735236C988900B1534F /* Main.storyboard */ = {
			isa = PBXVariantGroup;
			children = (
				45BAD736236C988900B1534F /* Base */,
			);
			name = Main.storyboard;
			sourceTree = "<group>";
		};
		45BAD73D236C988A00B1534F /* LaunchScreen.storyboard */ = {
			isa = PBXVariantGroup;
			children = (
				45BAD73E236C988A00B1534F /* Base */,
			);
			name = LaunchScreen.storyboard;
			sourceTree = "<group>";
		};
/* End PBXVariantGroup section */

/* Begin XCBuildConfiguration section */
		45BAD757236C988A00B1534F /* Debug */ = {
			isa = XCBuildConfiguration;
			buildSettings = {
				ALWAYS_SEARCH_USER_PATHS = NO;
				CLANG_ANALYZER_NONNULL = YES;
				CLANG_ANALYZER_NUMBER_OBJECT_CONVERSION = YES_AGGRESSIVE;
				CLANG_CXX_LANGUAGE_STANDARD = "gnu++14";
				CLANG_CXX_LIBRARY = "libc++";
				CLANG_ENABLE_MODULES = YES;
				CLANG_ENABLE_OBJC_ARC = YES;
				CLANG_ENABLE_OBJC_WEAK = YES;
				CLANG_WARN_BLOCK_CAPTURE_AUTORELEASING = YES;
				CLANG_WARN_BOOL_CONVERSION = YES;
				CLANG_WARN_COMMA = YES;
				CLANG_WARN_CONSTANT_CONVERSION = YES;
				CLANG_WARN_DEPRECATED_OBJC_IMPLEMENTATIONS = YES;
				CLANG_WARN_DIRECT_OBJC_ISA_USAGE = YES_ERROR;
				CLANG_WARN_DOCUMENTATION_COMMENTS = YES;
				CLANG_WARN_EMPTY_BODY = YES;
				CLANG_WARN_ENUM_CONVERSION = YES;
				CLANG_WARN_INFINITE_RECURSION = YES;
				CLANG_WARN_INT_CONVERSION = YES;
				CLANG_WARN_NON_LITERAL_NULL_CONVERSION = YES;
				CLANG_WARN_OBJC_IMPLICIT_RETAIN_SELF = YES;
				CLANG_WARN_OBJC_LITERAL_CONVERSION = YES;
				CLANG_WARN_OBJC_ROOT_CLASS = YES_ERROR;
				CLANG_WARN_RANGE_LOOP_ANALYSIS = YES;
				CLANG_WARN_STRICT_PROTOTYPES = YES;
				CLANG_WARN_SUSPICIOUS_MOVE = YES;
				CLANG_WARN_UNGUARDED_AVAILABILITY = YES_AGGRESSIVE;
				CLANG_WARN_UNREACHABLE_CODE = YES;
				CLANG_WARN__DUPLICATE_METHOD_MATCH = YES;
				CODE_SIGN_IDENTITY = "iPhone Developer";
				COPY_PHASE_STRIP = NO;
				DEBUG_INFORMATION_FORMAT = dwarf;
				ENABLE_STRICT_OBJC_MSGSEND = YES;
				ENABLE_TESTABILITY = YES;
				GCC_C_LANGUAGE_STANDARD = gnu11;
				GCC_DYNAMIC_NO_PIC = NO;
				GCC_NO_COMMON_BLOCKS = YES;
				GCC_OPTIMIZATION_LEVEL = 0;
				GCC_PREPROCESSOR_DEFINITIONS = (
					"DEBUG=1",
					"$(inherited)",
				);
				GCC_WARN_64_TO_32_BIT_CONVERSION = YES;
				GCC_WARN_ABOUT_RETURN_TYPE = YES_ERROR;
				GCC_WARN_UNDECLARED_SELECTOR = YES;
				GCC_WARN_UNINITIALIZED_AUTOS = YES_AGGRESSIVE;
				GCC_WARN_UNUSED_FUNCTION = YES;
				GCC_WARN_UNUSED_VARIABLE = YES;
				IPHONEOS_DEPLOYMENT_TARGET = 12.2;
				MTL_ENABLE_DEBUG_INFO = INCLUDE_SOURCE;
				MTL_FAST_MATH = YES;
				ONLY_ACTIVE_ARCH = YES;
				SDKROOT = iphoneos;
				SWIFT_ACTIVE_COMPILATION_CONDITIONS = DEBUG;
				SWIFT_OPTIMIZATION_LEVEL = "-Onone";
			};
			name = Debug;
		};
		45BAD758236C988A00B1534F /* Release */ = {
			isa = XCBuildConfiguration;
			buildSettings = {
				ALWAYS_SEARCH_USER_PATHS = NO;
				CLANG_ANALYZER_NONNULL = YES;
				CLANG_ANALYZER_NUMBER_OBJECT_CONVERSION = YES_AGGRESSIVE;
				CLANG_CXX_LANGUAGE_STANDARD = "gnu++14";
				CLANG_CXX_LIBRARY = "libc++";
				CLANG_ENABLE_MODULES = YES;
				CLANG_ENABLE_OBJC_ARC = YES;
				CLANG_ENABLE_OBJC_WEAK = YES;
				CLANG_WARN_BLOCK_CAPTURE_AUTORELEASING = YES;
				CLANG_WARN_BOOL_CONVERSION = YES;
				CLANG_WARN_COMMA = YES;
				CLANG_WARN_CONSTANT_CONVERSION = YES;
				CLANG_WARN_DEPRECATED_OBJC_IMPLEMENTATIONS = YES;
				CLANG_WARN_DIRECT_OBJC_ISA_USAGE = YES_ERROR;
				CLANG_WARN_DOCUMENTATION_COMMENTS = YES;
				CLANG_WARN_EMPTY_BODY = YES;
				CLANG_WARN_ENUM_CONVERSION = YES;
				CLANG_WARN_INFINITE_RECURSION = YES;
				CLANG_WARN_INT_CONVERSION = YES;
				CLANG_WARN_NON_LITERAL_NULL_CONVERSION = YES;
				CLANG_WARN_OBJC_IMPLICIT_RETAIN_SELF = YES;
				CLANG_WARN_OBJC_LITERAL_CONVERSION = YES;
				CLANG_WARN_OBJC_ROOT_CLASS = YES_ERROR;
				CLANG_WARN_RANGE_LOOP_ANALYSIS = YES;
				CLANG_WARN_STRICT_PROTOTYPES = YES;
				CLANG_WARN_SUSPICIOUS_MOVE = YES;
				CLANG_WARN_UNGUARDED_AVAILABILITY = YES_AGGRESSIVE;
				CLANG_WARN_UNREACHABLE_CODE = YES;
				CLANG_WARN__DUPLICATE_METHOD_MATCH = YES;
				CODE_SIGN_IDENTITY = "iPhone Developer";
				COPY_PHASE_STRIP = NO;
				DEBUG_INFORMATION_FORMAT = "dwarf-with-dsym";
				ENABLE_NS_ASSERTIONS = NO;
				ENABLE_STRICT_OBJC_MSGSEND = YES;
				GCC_C_LANGUAGE_STANDARD = gnu11;
				GCC_NO_COMMON_BLOCKS = YES;
				GCC_WARN_64_TO_32_BIT_CONVERSION = YES;
				GCC_WARN_ABOUT_RETURN_TYPE = YES_ERROR;
				GCC_WARN_UNDECLARED_SELECTOR = YES;
				GCC_WARN_UNINITIALIZED_AUTOS = YES_AGGRESSIVE;
				GCC_WARN_UNUSED_FUNCTION = YES;
				GCC_WARN_UNUSED_VARIABLE = YES;
				IPHONEOS_DEPLOYMENT_TARGET = 12.2;
				MTL_ENABLE_DEBUG_INFO = NO;
				MTL_FAST_MATH = YES;
				SDKROOT = iphoneos;
				SWIFT_COMPILATION_MODE = wholemodule;
				SWIFT_OPTIMIZATION_LEVEL = "-O";
				VALIDATE_PRODUCT = YES;
			};
			name = Release;
		};
		45BAD75A236C988A00B1534F /* Debug */ = {
			isa = XCBuildConfiguration;
			baseConfigurationReference = 9F422CEAA380A8D9972A424A /* Pods-GJContactsDemo.debug.xcconfig */;
			buildSettings = {
				ASSETCATALOG_COMPILER_APPICON_NAME = AppIcon;
				CODE_SIGN_STYLE = Automatic;
				DEVELOPMENT_TEAM = L6TLAD67NF;
				INFOPLIST_FILE = GJContactsDemo/Info.plist;
				LD_RUNPATH_SEARCH_PATHS = (
					"$(inherited)",
					"@executable_path/Frameworks",
				);
				PRODUCT_BUNDLE_IDENTIFIER = com.gojek.GJContactsDemo;
				PRODUCT_NAME = "$(TARGET_NAME)";
				SWIFT_OBJC_BRIDGING_HEADER = "GJContactsDemo/OtherFiles/Bridging-Header.h";
				SWIFT_VERSION = 5.0;
				TARGETED_DEVICE_FAMILY = 1;
			};
			name = Debug;
		};
		45BAD75B236C988A00B1534F /* Release */ = {
			isa = XCBuildConfiguration;
			baseConfigurationReference = 5C677716BB7560DDCD4135EF /* Pods-GJContactsDemo.release.xcconfig */;
			buildSettings = {
				ASSETCATALOG_COMPILER_APPICON_NAME = AppIcon;
				CODE_SIGN_STYLE = Automatic;
				DEVELOPMENT_TEAM = L6TLAD67NF;
				INFOPLIST_FILE = GJContactsDemo/Info.plist;
				LD_RUNPATH_SEARCH_PATHS = (
					"$(inherited)",
					"@executable_path/Frameworks",
				);
				PRODUCT_BUNDLE_IDENTIFIER = com.gojek.GJContactsDemo;
				PRODUCT_NAME = "$(TARGET_NAME)";
				SWIFT_OBJC_BRIDGING_HEADER = "GJContactsDemo/OtherFiles/Bridging-Header.h";
				SWIFT_VERSION = 5.0;
				TARGETED_DEVICE_FAMILY = 1;
			};
			name = Release;
		};
		45BAD75D236C988A00B1534F /* Debug */ = {
			isa = XCBuildConfiguration;
			baseConfigurationReference = 6C8538D3D43932B1B4F51B68 /* Pods-GJContactsDemoTests.debug.xcconfig */;
			buildSettings = {
				ALWAYS_EMBED_SWIFT_STANDARD_LIBRARIES = YES;
				BUNDLE_LOADER = "$(TEST_HOST)";
				CODE_SIGN_STYLE = Automatic;
				DEVELOPMENT_TEAM = L6TLAD67NF;
				INFOPLIST_FILE = GJContactsDemoTests/Info.plist;
				LD_RUNPATH_SEARCH_PATHS = (
					"$(inherited)",
					"@executable_path/Frameworks",
					"@loader_path/Frameworks",
				);
				PRODUCT_BUNDLE_IDENTIFIER = com.gojek.GJContactsDemoTests;
				PRODUCT_NAME = "$(TARGET_NAME)";
				SWIFT_VERSION = 5.0;
				TARGETED_DEVICE_FAMILY = "1,2";
				TEST_HOST = "$(BUILT_PRODUCTS_DIR)/GJContactsDemo.app/GJContactsDemo";
			};
			name = Debug;
		};
		45BAD75E236C988A00B1534F /* Release */ = {
			isa = XCBuildConfiguration;
			baseConfigurationReference = C6A8809E92D46E37ED91DED1 /* Pods-GJContactsDemoTests.release.xcconfig */;
			buildSettings = {
				ALWAYS_EMBED_SWIFT_STANDARD_LIBRARIES = YES;
				BUNDLE_LOADER = "$(TEST_HOST)";
				CODE_SIGN_STYLE = Automatic;
				DEVELOPMENT_TEAM = L6TLAD67NF;
				INFOPLIST_FILE = GJContactsDemoTests/Info.plist;
				LD_RUNPATH_SEARCH_PATHS = (
					"$(inherited)",
					"@executable_path/Frameworks",
					"@loader_path/Frameworks",
				);
				PRODUCT_BUNDLE_IDENTIFIER = com.gojek.GJContactsDemoTests;
				PRODUCT_NAME = "$(TARGET_NAME)";
				SWIFT_VERSION = 5.0;
				TARGETED_DEVICE_FAMILY = "1,2";
				TEST_HOST = "$(BUILT_PRODUCTS_DIR)/GJContactsDemo.app/GJContactsDemo";
			};
			name = Release;
		};
		45BAD760236C988A00B1534F /* Debug */ = {
			isa = XCBuildConfiguration;
			baseConfigurationReference = 035B3802D1EEAD3191C2C093 /* Pods-GJContactsDemoUITests.debug.xcconfig */;
			buildSettings = {
				ALWAYS_EMBED_SWIFT_STANDARD_LIBRARIES = YES;
				CODE_SIGN_STYLE = Automatic;
				DEVELOPMENT_TEAM = L6TLAD67NF;
				INFOPLIST_FILE = GJContactsDemoUITests/Info.plist;
				LD_RUNPATH_SEARCH_PATHS = (
					"$(inherited)",
					"@executable_path/Frameworks",
					"@loader_path/Frameworks",
				);
				PRODUCT_BUNDLE_IDENTIFIER = com.gojek.GJContactsDemoUITests;
				PRODUCT_NAME = "$(TARGET_NAME)";
				SWIFT_VERSION = 5.0;
				TARGETED_DEVICE_FAMILY = "1,2";
				TEST_TARGET_NAME = GJContactsDemo;
			};
			name = Debug;
		};
		45BAD761236C988A00B1534F /* Release */ = {
			isa = XCBuildConfiguration;
			baseConfigurationReference = F84C76C7D9727C22B9633066 /* Pods-GJContactsDemoUITests.release.xcconfig */;
			buildSettings = {
				ALWAYS_EMBED_SWIFT_STANDARD_LIBRARIES = YES;
				CODE_SIGN_STYLE = Automatic;
				DEVELOPMENT_TEAM = L6TLAD67NF;
				INFOPLIST_FILE = GJContactsDemoUITests/Info.plist;
				LD_RUNPATH_SEARCH_PATHS = (
					"$(inherited)",
					"@executable_path/Frameworks",
					"@loader_path/Frameworks",
				);
				PRODUCT_BUNDLE_IDENTIFIER = com.gojek.GJContactsDemoUITests;
				PRODUCT_NAME = "$(TARGET_NAME)";
				SWIFT_VERSION = 5.0;
				TARGETED_DEVICE_FAMILY = "1,2";
				TEST_TARGET_NAME = GJContactsDemo;
			};
			name = Release;
		};
/* End XCBuildConfiguration section */

/* Begin XCConfigurationList section */
		45BAD729236C988900B1534F /* Build configuration list for PBXProject "GJContactsDemo" */ = {
			isa = XCConfigurationList;
			buildConfigurations = (
				45BAD757236C988A00B1534F /* Debug */,
				45BAD758236C988A00B1534F /* Release */,
			);
			defaultConfigurationIsVisible = 0;
			defaultConfigurationName = Release;
		};
		45BAD759236C988A00B1534F /* Build configuration list for PBXNativeTarget "GJContactsDemo" */ = {
			isa = XCConfigurationList;
			buildConfigurations = (
				45BAD75A236C988A00B1534F /* Debug */,
				45BAD75B236C988A00B1534F /* Release */,
			);
			defaultConfigurationIsVisible = 0;
			defaultConfigurationName = Release;
		};
		45BAD75C236C988A00B1534F /* Build configuration list for PBXNativeTarget "GJContactsDemoTests" */ = {
			isa = XCConfigurationList;
			buildConfigurations = (
				45BAD75D236C988A00B1534F /* Debug */,
				45BAD75E236C988A00B1534F /* Release */,
			);
			defaultConfigurationIsVisible = 0;
			defaultConfigurationName = Release;
		};
		45BAD75F236C988A00B1534F /* Build configuration list for PBXNativeTarget "GJContactsDemoUITests" */ = {
			isa = XCConfigurationList;
			buildConfigurations = (
				45BAD760236C988A00B1534F /* Debug */,
				45BAD761236C988A00B1534F /* Release */,
			);
			defaultConfigurationIsVisible = 0;
			defaultConfigurationName = Release;
		};
/* End XCConfigurationList section */
	};
	rootObject = 45BAD726236C988900B1534F /* Project object */;
}
